// !$*UTF8*$!
{
	archiveVersion = 1;
	classes = {
	};
	objectVersion = 48;
	objects = {

/* Begin PBXBuildFile section */
		2826CD231E7ABE1F00DB1D07 /* PgySDK.framework in Frameworks */ = {isa = PBXBuildFile; fileRef = 2826CD221E7ABE1F00DB1D07 /* PgySDK.framework */; };
		2826CD251E7ABE2C00DB1D07 /* PgyUpdate.framework in Frameworks */ = {isa = PBXBuildFile; fileRef = 2826CD241E7ABE2C00DB1D07 /* PgyUpdate.framework */; };
		2826CD271E7ABE8700DB1D07 /* AudioToolbox.framework in Frameworks */ = {isa = PBXBuildFile; fileRef = 2826CD261E7ABE8700DB1D07 /* AudioToolbox.framework */; };
		282B49C71E44818000848073 /* app.js in Resources */ = {isa = PBXBuildFile; fileRef = 282B49C61E44818000848073 /* app.js */; };
		2890BE021E9E39CF009DBCCF /* 404.html in Resources */ = {isa = PBXBuildFile; fileRef = 2890BE001E9E39CF009DBCCF /* 404.html */; };
		2890BE031E9E39CF009DBCCF /* 404.png in Resources */ = {isa = PBXBuildFile; fileRef = 2890BE011E9E39CF009DBCCF /* 404.png */; };
		28D542441E2CBEF8008BB723 /* libc++.tbd in Frameworks */ = {isa = PBXBuildFile; fileRef = 28D542431E2CBEF8008BB723 /* libc++.tbd */; };
		28D542461E2CBF09008BB723 /* libz.tbd in Frameworks */ = {isa = PBXBuildFile; fileRef = 28D542451E2CBF09008BB723 /* libz.tbd */; };
		28D542481E2CBF17008BB723 /* libsqlite3.tbd in Frameworks */ = {isa = PBXBuildFile; fileRef = 28D542471E2CBF17008BB723 /* libsqlite3.tbd */; };
		28D5424A1E2CBF25008BB723 /* Security.framework in Frameworks */ = {isa = PBXBuildFile; fileRef = 28D542491E2CBF25008BB723 /* Security.framework */; };
		28D5424E1E2CBF44008BB723 /* SystemConfiguration.framework in Frameworks */ = {isa = PBXBuildFile; fileRef = 28D5424D1E2CBF44008BB723 /* SystemConfiguration.framework */; };
		28D542501E2CBF52008BB723 /* CoreTelephony.framework in Frameworks */ = {isa = PBXBuildFile; fileRef = 28D5424F1E2CBF52008BB723 /* CoreTelephony.framework */; };
		28D542521E2CBF5F008BB723 /* AVFoundation.framework in Frameworks */ = {isa = PBXBuildFile; fileRef = 28D542511E2CBF5F008BB723 /* AVFoundation.framework */; };
		28D542541E2CBF6B008BB723 /* JavaScriptCore.framework in Frameworks */ = {isa = PBXBuildFile; fileRef = 28D542531E2CBF6B008BB723 /* JavaScriptCore.framework */; };
		28D542561E2CBF90008BB723 /* UserNotifications.framework in Frameworks */ = {isa = PBXBuildFile; fileRef = 28D542551E2CBF90008BB723 /* UserNotifications.framework */; };
		28D5425A1E2CBFF7008BB723 /* CoreLocation.framework in Frameworks */ = {isa = PBXBuildFile; fileRef = 28D542591E2CBFF7008BB723 /* CoreLocation.framework */; };
		28D661EC1E16660A00ACF16B /* AppDelegate.swift in Sources */ = {isa = PBXBuildFile; fileRef = 28D661EB1E16660A00ACF16B /* AppDelegate.swift */; };
		28D661EE1E16660A00ACF16B /* ViewController.swift in Sources */ = {isa = PBXBuildFile; fileRef = 28D661ED1E16660A00ACF16B /* ViewController.swift */; };
		28D661F11E16660A00ACF16B /* Main.storyboard in Resources */ = {isa = PBXBuildFile; fileRef = 28D661EF1E16660A00ACF16B /* Main.storyboard */; };
		28D661F31E16660A00ACF16B /* Assets.xcassets in Resources */ = {isa = PBXBuildFile; fileRef = 28D661F21E16660A00ACF16B /* Assets.xcassets */; };
		28D661F61E16660A00ACF16B /* LaunchScreen.storyboard in Resources */ = {isa = PBXBuildFile; fileRef = 28D661F41E16660A00ACF16B /* LaunchScreen.storyboard */; };
		28D662011E16660A00ACF16B /* dataplatformTests.swift in Sources */ = {isa = PBXBuildFile; fileRef = 28D662001E16660A00ACF16B /* dataplatformTests.swift */; };
		28D6620C1E16660A00ACF16B /* dataplatformUITests.swift in Sources */ = {isa = PBXBuildFile; fileRef = 28D6620B1E16660A00ACF16B /* dataplatformUITests.swift */; };
		28ED51BB1E2D03AC0020D70A /* Info.plist in Resources */ = {isa = PBXBuildFile; fileRef = 28D661F71E16660A00ACF16B /* Info.plist */; };
		28ED51C51E2D04E90020D70A /* CoreBluetooth.framework in Frameworks */ = {isa = PBXBuildFile; fileRef = 28ED51C41E2D04E90020D70A /* CoreBluetooth.framework */; };
		28ED51CB1E2D05E70020D70A /* libGeTuiSdk-1.5.3.a in Frameworks */ = {isa = PBXBuildFile; fileRef = 28ED51C91E2D05E70020D70A /* libGeTuiSdk-1.5.3.a */; };
		28ED51CC1E2D05E70020D70A /* libGtExtensionSdk-1.0.0.a in Frameworks */ = {isa = PBXBuildFile; fileRef = 28ED51CA1E2D05E70020D70A /* libGtExtensionSdk-1.0.0.a */; };
/* End PBXBuildFile section */

/* Begin PBXContainerItemProxy section */
		28D661FD1E16660A00ACF16B /* PBXContainerItemProxy */ = {
			isa = PBXContainerItemProxy;
			containerPortal = 28D661E01E16660900ACF16B /* Project object */;
			proxyType = 1;
			remoteGlobalIDString = 28D661E71E16660A00ACF16B;
			remoteInfo = dataplatform;
		};
		28D662081E16660A00ACF16B /* PBXContainerItemProxy */ = {
			isa = PBXContainerItemProxy;
			containerPortal = 28D661E01E16660900ACF16B /* Project object */;
			proxyType = 1;
			remoteGlobalIDString = 28D661E71E16660A00ACF16B;
			remoteInfo = dataplatform;
		};
/* End PBXContainerItemProxy section */

/* Begin PBXCopyFilesBuildPhase section */
		2836D7CF1E25D814003CED87 /* Embed Frameworks */ = {
			isa = PBXCopyFilesBuildPhase;
			buildActionMask = 2147483647;
			dstPath = "";
			dstSubfolderSpec = 10;
			files = (
			);
			name = "Embed Frameworks";
			runOnlyForDeploymentPostprocessing = 0;
		};
/* End PBXCopyFilesBuildPhase section */

/* Begin PBXFileReference section */
		2826CD221E7ABE1F00DB1D07 /* PgySDK.framework */ = {isa = PBXFileReference; lastKnownFileType = wrapper.framework; path = PgySDK.framework; sourceTree = "<group>"; };
		2826CD241E7ABE2C00DB1D07 /* PgyUpdate.framework */ = {isa = PBXFileReference; lastKnownFileType = wrapper.framework; path = PgyUpdate.framework; sourceTree = "<group>"; };
		2826CD261E7ABE8700DB1D07 /* AudioToolbox.framework */ = {isa = PBXFileReference; lastKnownFileType = wrapper.framework; name = AudioToolbox.framework; path = System/Library/Frameworks/AudioToolbox.framework; sourceTree = SDKROOT; };
		2826CD291E7AC51300DB1D07 /* header.h */ = {isa = PBXFileReference; fileEncoding = 4; lastKnownFileType = sourcecode.c.h; path = header.h; sourceTree = "<group>"; };
		282B49C61E44818000848073 /* app.js */ = {isa = PBXFileReference; fileEncoding = 4; lastKnownFileType = sourcecode.javascript; path = app.js; sourceTree = "<group>"; };
		286731EE1E23AA2B000F3233 /* dataplatform.entitlements */ = {isa = PBXFileReference; lastKnownFileType = text.plist.entitlements; path = dataplatform.entitlements; sourceTree = "<group>"; };
		2890BE001E9E39CF009DBCCF /* 404.html */ = {isa = PBXFileReference; fileEncoding = 4; lastKnownFileType = text.html; path = 404.html; sourceTree = "<group>"; };
		2890BE011E9E39CF009DBCCF /* 404.png */ = {isa = PBXFileReference; lastKnownFileType = image.png; path = 404.png; sourceTree = "<group>"; };
		28D542431E2CBEF8008BB723 /* libc++.tbd */ = {isa = PBXFileReference; lastKnownFileType = "sourcecode.text-based-dylib-definition"; name = "libc++.tbd"; path = "usr/lib/libc++.tbd"; sourceTree = SDKROOT; };
		28D542451E2CBF09008BB723 /* libz.tbd */ = {isa = PBXFileReference; lastKnownFileType = "sourcecode.text-based-dylib-definition"; name = libz.tbd; path = usr/lib/libz.tbd; sourceTree = SDKROOT; };
		28D542471E2CBF17008BB723 /* libsqlite3.tbd */ = {isa = PBXFileReference; lastKnownFileType = "sourcecode.text-based-dylib-definition"; name = libsqlite3.tbd; path = usr/lib/libsqlite3.tbd; sourceTree = SDKROOT; };
		28D542491E2CBF25008BB723 /* Security.framework */ = {isa = PBXFileReference; lastKnownFileType = wrapper.framework; name = Security.framework; path = System/Library/Frameworks/Security.framework; sourceTree = SDKROOT; };
		28D5424B1E2CBF35008BB723 /* MobileCoreServices.framework */ = {isa = PBXFileReference; lastKnownFileType = wrapper.framework; name = MobileCoreServices.framework; path = System/Library/Frameworks/MobileCoreServices.framework; sourceTree = SDKROOT; };
		28D5424D1E2CBF44008BB723 /* SystemConfiguration.framework */ = {isa = PBXFileReference; lastKnownFileType = wrapper.framework; name = SystemConfiguration.framework; path = System/Library/Frameworks/SystemConfiguration.framework; sourceTree = SDKROOT; };
		28D5424F1E2CBF52008BB723 /* CoreTelephony.framework */ = {isa = PBXFileReference; lastKnownFileType = wrapper.framework; name = CoreTelephony.framework; path = System/Library/Frameworks/CoreTelephony.framework; sourceTree = SDKROOT; };
		28D542511E2CBF5F008BB723 /* AVFoundation.framework */ = {isa = PBXFileReference; lastKnownFileType = wrapper.framework; name = AVFoundation.framework; path = System/Library/Frameworks/AVFoundation.framework; sourceTree = SDKROOT; };
		28D542531E2CBF6B008BB723 /* JavaScriptCore.framework */ = {isa = PBXFileReference; lastKnownFileType = wrapper.framework; name = JavaScriptCore.framework; path = System/Library/Frameworks/JavaScriptCore.framework; sourceTree = SDKROOT; };
		28D542551E2CBF90008BB723 /* UserNotifications.framework */ = {isa = PBXFileReference; lastKnownFileType = wrapper.framework; name = UserNotifications.framework; path = System/Library/Frameworks/UserNotifications.framework; sourceTree = SDKROOT; };
		28D542571E2CBFA4008BB723 /* AdSupport.framework */ = {isa = PBXFileReference; lastKnownFileType = wrapper.framework; name = AdSupport.framework; path = System/Library/Frameworks/AdSupport.framework; sourceTree = SDKROOT; };
		28D542591E2CBFF7008BB723 /* CoreLocation.framework */ = {isa = PBXFileReference; lastKnownFileType = wrapper.framework; name = CoreLocation.framework; path = System/Library/Frameworks/CoreLocation.framework; sourceTree = SDKROOT; };
		28D661E81E16660A00ACF16B /* dataplatform.app */ = {isa = PBXFileReference; explicitFileType = wrapper.application; includeInIndex = 0; path = dataplatform.app; sourceTree = BUILT_PRODUCTS_DIR; };
		28D661EB1E16660A00ACF16B /* AppDelegate.swift */ = {isa = PBXFileReference; lastKnownFileType = sourcecode.swift; path = AppDelegate.swift; sourceTree = "<group>"; };
		28D661ED1E16660A00ACF16B /* ViewController.swift */ = {isa = PBXFileReference; lastKnownFileType = sourcecode.swift; path = ViewController.swift; sourceTree = "<group>"; };
		28D661F01E16660A00ACF16B /* Base */ = {isa = PBXFileReference; lastKnownFileType = file.storyboard; name = Base; path = Base.lproj/Main.storyboard; sourceTree = "<group>"; };
		28D661F21E16660A00ACF16B /* Assets.xcassets */ = {isa = PBXFileReference; lastKnownFileType = folder.assetcatalog; path = Assets.xcassets; sourceTree = "<group>"; };
		28D661F51E16660A00ACF16B /* Base */ = {isa = PBXFileReference; lastKnownFileType = file.storyboard; name = Base; path = Base.lproj/LaunchScreen.storyboard; sourceTree = "<group>"; };
		28D661F71E16660A00ACF16B /* Info.plist */ = {isa = PBXFileReference; lastKnownFileType = text.plist.xml; path = Info.plist; sourceTree = "<group>"; };
		28D661FC1E16660A00ACF16B /* dataplatformTests.xctest */ = {isa = PBXFileReference; explicitFileType = wrapper.cfbundle; includeInIndex = 0; path = dataplatformTests.xctest; sourceTree = BUILT_PRODUCTS_DIR; };
		28D662001E16660A00ACF16B /* dataplatformTests.swift */ = {isa = PBXFileReference; lastKnownFileType = sourcecode.swift; path = dataplatformTests.swift; sourceTree = "<group>"; };
		28D662021E16660A00ACF16B /* Info.plist */ = {isa = PBXFileReference; lastKnownFileType = text.plist.xml; path = Info.plist; sourceTree = "<group>"; };
		28D662071E16660A00ACF16B /* dataplatformUITests.xctest */ = {isa = PBXFileReference; explicitFileType = wrapper.cfbundle; includeInIndex = 0; path = dataplatformUITests.xctest; sourceTree = BUILT_PRODUCTS_DIR; };
		28D6620B1E16660A00ACF16B /* dataplatformUITests.swift */ = {isa = PBXFileReference; lastKnownFileType = sourcecode.swift; path = dataplatformUITests.swift; sourceTree = "<group>"; };
		28D6620D1E16660A00ACF16B /* Info.plist */ = {isa = PBXFileReference; lastKnownFileType = text.plist.xml; path = Info.plist; sourceTree = "<group>"; };
		28ED51C41E2D04E90020D70A /* CoreBluetooth.framework */ = {isa = PBXFileReference; lastKnownFileType = wrapper.framework; name = CoreBluetooth.framework; path = System/Library/Frameworks/CoreBluetooth.framework; sourceTree = SDKROOT; };
		28ED51C71E2D05E70020D70A /* GeTuiExtSdk.h */ = {isa = PBXFileReference; fileEncoding = 4; lastKnownFileType = sourcecode.c.h; path = GeTuiExtSdk.h; sourceTree = "<group>"; };
		28ED51C81E2D05E70020D70A /* GeTuiSdk.h */ = {isa = PBXFileReference; fileEncoding = 4; lastKnownFileType = sourcecode.c.h; path = GeTuiSdk.h; sourceTree = "<group>"; };
		28ED51C91E2D05E70020D70A /* libGeTuiSdk-1.5.3.a */ = {isa = PBXFileReference; lastKnownFileType = archive.ar; path = "libGeTuiSdk-1.5.3.a"; sourceTree = "<group>"; };
		28ED51CA1E2D05E70020D70A /* libGtExtensionSdk-1.0.0.a */ = {isa = PBXFileReference; lastKnownFileType = archive.ar; path = "libGtExtensionSdk-1.0.0.a"; sourceTree = "<group>"; };
/* End PBXFileReference section */

/* Begin PBXFrameworksBuildPhase section */
		28D661E51E16660A00ACF16B /* Frameworks */ = {
			isa = PBXFrameworksBuildPhase;
			buildActionMask = 2147483647;
			files = (
				2826CD271E7ABE8700DB1D07 /* AudioToolbox.framework in Frameworks */,
				28D542561E2CBF90008BB723 /* UserNotifications.framework in Frameworks */,
				28D542441E2CBEF8008BB723 /* libc++.tbd in Frameworks */,
				28D542461E2CBF09008BB723 /* libz.tbd in Frameworks */,
				28ED51CC1E2D05E70020D70A /* libGtExtensionSdk-1.0.0.a in Frameworks */,
				28D542481E2CBF17008BB723 /* libsqlite3.tbd in Frameworks */,
				28D5424A1E2CBF25008BB723 /* Security.framework in Frameworks */,
				2826CD231E7ABE1F00DB1D07 /* PgySDK.framework in Frameworks */,
				28D542541E2CBF6B008BB723 /* JavaScriptCore.framework in Frameworks */,
				28D5424E1E2CBF44008BB723 /* SystemConfiguration.framework in Frameworks */,
				2826CD251E7ABE2C00DB1D07 /* PgyUpdate.framework in Frameworks */,
				28D542501E2CBF52008BB723 /* CoreTelephony.framework in Frameworks */,
				28D542521E2CBF5F008BB723 /* AVFoundation.framework in Frameworks */,
				28D5425A1E2CBFF7008BB723 /* CoreLocation.framework in Frameworks */,
				28ED51C51E2D04E90020D70A /* CoreBluetooth.framework in Frameworks */,
				28ED51CB1E2D05E70020D70A /* libGeTuiSdk-1.5.3.a in Frameworks */,
			);
			runOnlyForDeploymentPostprocessing = 0;
		};
		28D661F91E16660A00ACF16B /* Frameworks */ = {
			isa = PBXFrameworksBuildPhase;
			buildActionMask = 2147483647;
			files = (
			);
			runOnlyForDeploymentPostprocessing = 0;
		};
		28D662041E16660A00ACF16B /* Frameworks */ = {
			isa = PBXFrameworksBuildPhase;
			buildActionMask = 2147483647;
			files = (
			);
			runOnlyForDeploymentPostprocessing = 0;
		};
/* End PBXFrameworksBuildPhase section */

/* Begin PBXGroup section */
		28D542421E2CBEF8008BB723 /* Frameworks */ = {
			isa = PBXGroup;
			children = (
				2826CD261E7ABE8700DB1D07 /* AudioToolbox.framework */,
				28ED51C41E2D04E90020D70A /* CoreBluetooth.framework */,
				28D542571E2CBFA4008BB723 /* AdSupport.framework */,
				28D542511E2CBF5F008BB723 /* AVFoundation.framework */,
				28D542591E2CBFF7008BB723 /* CoreLocation.framework */,
				28D5424F1E2CBF52008BB723 /* CoreTelephony.framework */,
				28D542531E2CBF6B008BB723 /* JavaScriptCore.framework */,
				28D542431E2CBEF8008BB723 /* libc++.tbd */,
				28D542471E2CBF17008BB723 /* libsqlite3.tbd */,
				28D542451E2CBF09008BB723 /* libz.tbd */,
				28D5424B1E2CBF35008BB723 /* MobileCoreServices.framework */,
				28D542491E2CBF25008BB723 /* Security.framework */,
				28D5424D1E2CBF44008BB723 /* SystemConfiguration.framework */,
				28D542551E2CBF90008BB723 /* UserNotifications.framework */,
			);
			name = Frameworks;
			sourceTree = "<group>";
		};
		28D661DF1E16660900ACF16B = {
			isa = PBXGroup;
			children = (
				2890BE001E9E39CF009DBCCF /* 404.html */,
				2890BE011E9E39CF009DBCCF /* 404.png */,
				28D661EA1E16660A00ACF16B /* dataplatform */,
				28D661FF1E16660A00ACF16B /* dataplatformTests */,
				28D6620A1E16660A00ACF16B /* dataplatformUITests */,
				28D661E91E16660A00ACF16B /* Products */,
				28D542421E2CBEF8008BB723 /* Frameworks */,
			);
			sourceTree = "<group>";
		};
		28D661E91E16660A00ACF16B /* Products */ = {
			isa = PBXGroup;
			children = (
				28D661E81E16660A00ACF16B /* dataplatform.app */,
				28D661FC1E16660A00ACF16B /* dataplatformTests.xctest */,
				28D662071E16660A00ACF16B /* dataplatformUITests.xctest */,
			);
			name = Products;
			sourceTree = "<group>";
		};
		28D661EA1E16660A00ACF16B /* dataplatform */ = {
			isa = PBXGroup;
			children = (
				2826CD241E7ABE2C00DB1D07 /* PgyUpdate.framework */,
				2826CD221E7ABE1F00DB1D07 /* PgySDK.framework */,
				28ED51C61E2D05E70020D70A /* GtSdkLib */,
				286731EE1E23AA2B000F3233 /* dataplatform.entitlements */,
				28D661EB1E16660A00ACF16B /* AppDelegate.swift */,
				28D661ED1E16660A00ACF16B /* ViewController.swift */,
				28D661EF1E16660A00ACF16B /* Main.storyboard */,
				28D661F21E16660A00ACF16B /* Assets.xcassets */,
				28D661F41E16660A00ACF16B /* LaunchScreen.storyboard */,
				28D661F71E16660A00ACF16B /* Info.plist */,
				282B49C61E44818000848073 /* app.js */,
				2826CD291E7AC51300DB1D07 /* header.h */,
			);
			path = dataplatform;
			sourceTree = "<group>";
		};
		28D661FF1E16660A00ACF16B /* dataplatformTests */ = {
			isa = PBXGroup;
			children = (
				28D662001E16660A00ACF16B /* dataplatformTests.swift */,
				28D662021E16660A00ACF16B /* Info.plist */,
			);
			path = dataplatformTests;
			sourceTree = "<group>";
		};
		28D6620A1E16660A00ACF16B /* dataplatformUITests */ = {
			isa = PBXGroup;
			children = (
				28D6620B1E16660A00ACF16B /* dataplatformUITests.swift */,
				28D6620D1E16660A00ACF16B /* Info.plist */,
			);
			path = dataplatformUITests;
			sourceTree = "<group>";
		};
		28ED51C61E2D05E70020D70A /* GtSdkLib */ = {
			isa = PBXGroup;
			children = (
				28ED51C71E2D05E70020D70A /* GeTuiExtSdk.h */,
				28ED51C81E2D05E70020D70A /* GeTuiSdk.h */,
				28ED51C91E2D05E70020D70A /* libGeTuiSdk-1.5.3.a */,
				28ED51CA1E2D05E70020D70A /* libGtExtensionSdk-1.0.0.a */,
			);
			path = GtSdkLib;
			sourceTree = "<group>";
		};
/* End PBXGroup section */

/* Begin PBXNativeTarget section */
		28D661E71E16660A00ACF16B /* dataplatform */ = {
			isa = PBXNativeTarget;
			buildConfigurationList = 28D662101E16660A00ACF16B /* Build configuration list for PBXNativeTarget "dataplatform" */;
			buildPhases = (
				28D661E41E16660A00ACF16B /* Sources */,
				28D661E51E16660A00ACF16B /* Frameworks */,
				28D661E61E16660A00ACF16B /* Resources */,
				2836D7CF1E25D814003CED87 /* Embed Frameworks */,
			);
			buildRules = (
			);
			dependencies = (
			);
			name = dataplatform;
			productName = dataplatform;
			productReference = 28D661E81E16660A00ACF16B /* dataplatform.app */;
			productType = "com.apple.product-type.application";
		};
		28D661FB1E16660A00ACF16B /* dataplatformTests */ = {
			isa = PBXNativeTarget;
			buildConfigurationList = 28D662131E16660A00ACF16B /* Build configuration list for PBXNativeTarget "dataplatformTests" */;
			buildPhases = (
				28D661F81E16660A00ACF16B /* Sources */,
				28D661F91E16660A00ACF16B /* Frameworks */,
				28D661FA1E16660A00ACF16B /* Resources */,
			);
			buildRules = (
			);
			dependencies = (
				28D661FE1E16660A00ACF16B /* PBXTargetDependency */,
			);
			name = dataplatformTests;
			productName = dataplatformTests;
			productReference = 28D661FC1E16660A00ACF16B /* dataplatformTests.xctest */;
			productType = "com.apple.product-type.bundle.unit-test";
		};
		28D662061E16660A00ACF16B /* dataplatformUITests */ = {
			isa = PBXNativeTarget;
			buildConfigurationList = 28D662161E16660A00ACF16B /* Build configuration list for PBXNativeTarget "dataplatformUITests" */;
			buildPhases = (
				28D662031E16660A00ACF16B /* Sources */,
				28D662041E16660A00ACF16B /* Frameworks */,
				28D662051E16660A00ACF16B /* Resources */,
			);
			buildRules = (
			);
			dependencies = (
				28D662091E16660A00ACF16B /* PBXTargetDependency */,
			);
			name = dataplatformUITests;
			productName = dataplatformUITests;
			productReference = 28D662071E16660A00ACF16B /* dataplatformUITests.xctest */;
			productType = "com.apple.product-type.bundle.ui-testing";
		};
/* End PBXNativeTarget section */

/* Begin PBXProject section */
		28D661E01E16660900ACF16B /* Project object */ = {
			isa = PBXProject;
			attributes = {
				LastSwiftUpdateCheck = 0820;
				LastUpgradeCheck = 0820;
				ORGANIZATIONNAME = minzhiqiang;
				TargetAttributes = {
					28D661E71E16660A00ACF16B = {
						CreatedOnToolsVersion = 8.2.1;
						ProvisioningStyle = Manual;
						SystemCapabilities = {
							com.apple.BackgroundModes = {
								enabled = 1;
							};
							com.apple.Push = {
								enabled = 1;
							};
						};
					};
					28D661FB1E16660A00ACF16B = {
						CreatedOnToolsVersion = 8.2.1;
						ProvisioningStyle = Automatic;
						TestTargetID = 28D661E71E16660A00ACF16B;
					};
					28D662061E16660A00ACF16B = {
						CreatedOnToolsVersion = 8.2.1;
						ProvisioningStyle = Automatic;
						TestTargetID = 28D661E71E16660A00ACF16B;
					};
				};
			};
			buildConfigurationList = 28D661E31E16660900ACF16B /* Build configuration list for PBXProject "dataplatform" */;
			compatibilityVersion = "Xcode 8.0";
			developmentRegion = English;
			hasScannedForEncodings = 0;
			knownRegions = (
				en,
				Base,
			);
			mainGroup = 28D661DF1E16660900ACF16B;
			productRefGroup = 28D661E91E16660A00ACF16B /* Products */;
			projectDirPath = "";
			projectRoot = "";
			targets = (
				28D661E71E16660A00ACF16B /* dataplatform */,
				28D661FB1E16660A00ACF16B /* dataplatformTests */,
				28D662061E16660A00ACF16B /* dataplatformUITests */,
			);
		};
/* End PBXProject section */

/* Begin PBXResourcesBuildPhase section */
		28D661E61E16660A00ACF16B /* Resources */ = {
			isa = PBXResourcesBuildPhase;
			buildActionMask = 2147483647;
			files = (
				282B49C71E44818000848073 /* app.js in Resources */,
				28ED51BB1E2D03AC0020D70A /* Info.plist in Resources */,
				28D661F61E16660A00ACF16B /* LaunchScreen.storyboard in Resources */,
				2890BE021E9E39CF009DBCCF /* 404.html in Resources */,
				28D661F31E16660A00ACF16B /* Assets.xcassets in Resources */,
				2890BE031E9E39CF009DBCCF /* 404.png in Resources */,
				28D661F11E16660A00ACF16B /* Main.storyboard in Resources */,
			);
			runOnlyForDeploymentPostprocessing = 0;
		};
		28D661FA1E16660A00ACF16B /* Resources */ = {
			isa = PBXResourcesBuildPhase;
			buildActionMask = 2147483647;
			files = (
			);
			runOnlyForDeploymentPostprocessing = 0;
		};
		28D662051E16660A00ACF16B /* Resources */ = {
			isa = PBXResourcesBuildPhase;
			buildActionMask = 2147483647;
			files = (
			);
			runOnlyForDeploymentPostprocessing = 0;
		};
/* End PBXResourcesBuildPhase section */

/* Begin PBXSourcesBuildPhase section */
		28D661E41E16660A00ACF16B /* Sources */ = {
			isa = PBXSourcesBuildPhase;
			buildActionMask = 2147483647;
			files = (
				28D661EE1E16660A00ACF16B /* ViewController.swift in Sources */,
				28D661EC1E16660A00ACF16B /* AppDelegate.swift in Sources */,
			);
			runOnlyForDeploymentPostprocessing = 0;
		};
		28D661F81E16660A00ACF16B /* Sources */ = {
			isa = PBXSourcesBuildPhase;
			buildActionMask = 2147483647;
			files = (
				28D662011E16660A00ACF16B /* dataplatformTests.swift in Sources */,
			);
			runOnlyForDeploymentPostprocessing = 0;
		};
		28D662031E16660A00ACF16B /* Sources */ = {
			isa = PBXSourcesBuildPhase;
			buildActionMask = 2147483647;
			files = (
				28D6620C1E16660A00ACF16B /* dataplatformUITests.swift in Sources */,
			);
			runOnlyForDeploymentPostprocessing = 0;
		};
/* End PBXSourcesBuildPhase section */

/* Begin PBXTargetDependency section */
		28D661FE1E16660A00ACF16B /* PBXTargetDependency */ = {
			isa = PBXTargetDependency;
			target = 28D661E71E16660A00ACF16B /* dataplatform */;
			targetProxy = 28D661FD1E16660A00ACF16B /* PBXContainerItemProxy */;
		};
		28D662091E16660A00ACF16B /* PBXTargetDependency */ = {
			isa = PBXTargetDependency;
			target = 28D661E71E16660A00ACF16B /* dataplatform */;
			targetProxy = 28D662081E16660A00ACF16B /* PBXContainerItemProxy */;
		};
/* End PBXTargetDependency section */

/* Begin PBXVariantGroup section */
		28D661EF1E16660A00ACF16B /* Main.storyboard */ = {
			isa = PBXVariantGroup;
			children = (
				28D661F01E16660A00ACF16B /* Base */,
			);
			name = Main.storyboard;
			sourceTree = "<group>";
		};
		28D661F41E16660A00ACF16B /* LaunchScreen.storyboard */ = {
			isa = PBXVariantGroup;
			children = (
				28D661F51E16660A00ACF16B /* Base */,
			);
			name = LaunchScreen.storyboard;
			sourceTree = "<group>";
		};
/* End PBXVariantGroup section */

/* Begin XCBuildConfiguration section */
		28D6620E1E16660A00ACF16B /* Debug */ = {
			isa = XCBuildConfiguration;
			buildSettings = {
				ALWAYS_SEARCH_USER_PATHS = NO;
				CLANG_ANALYZER_NONNULL = YES;
				CLANG_CXX_LANGUAGE_STANDARD = "gnu++0x";
				CLANG_CXX_LIBRARY = "libc++";
				CLANG_ENABLE_MODULES = YES;
				CLANG_ENABLE_OBJC_ARC = YES;
				CLANG_WARN_BOOL_CONVERSION = YES;
				CLANG_WARN_CONSTANT_CONVERSION = YES;
				CLANG_WARN_DIRECT_OBJC_ISA_USAGE = YES_ERROR;
				CLANG_WARN_DOCUMENTATION_COMMENTS = YES;
				CLANG_WARN_EMPTY_BODY = YES;
				CLANG_WARN_ENUM_CONVERSION = YES;
				CLANG_WARN_INFINITE_RECURSION = YES;
				CLANG_WARN_INT_CONVERSION = YES;
				CLANG_WARN_OBJC_ROOT_CLASS = YES_ERROR;
				CLANG_WARN_SUSPICIOUS_MOVE = YES;
				CLANG_WARN_UNREACHABLE_CODE = YES;
				CLANG_WARN__DUPLICATE_METHOD_MATCH = YES;
				CODE_SIGN_IDENTITY = "iPhone Developer: 志强 闵 (225TT8Q438)";
				"CODE_SIGN_IDENTITY[sdk=iphoneos*]" = "iPhone Developer: 志强 闵 (225TT8Q438)";
				COPY_PHASE_STRIP = NO;
				DEBUG_INFORMATION_FORMAT = dwarf;
				ENABLE_STRICT_OBJC_MSGSEND = YES;
				ENABLE_TESTABILITY = YES;
				GCC_C_LANGUAGE_STANDARD = gnu99;
				GCC_DYNAMIC_NO_PIC = NO;
				GCC_NO_COMMON_BLOCKS = YES;
				GCC_OPTIMIZATION_LEVEL = 0;
				GCC_PREPROCESSOR_DEFINITIONS = (
					"DEBUG=1",
					"$(inherited)",
				);
				GCC_WARN_64_TO_32_BIT_CONVERSION = YES;
				GCC_WARN_ABOUT_RETURN_TYPE = YES_ERROR;
				GCC_WARN_UNDECLARED_SELECTOR = YES;
				GCC_WARN_UNINITIALIZED_AUTOS = YES_AGGRESSIVE;
				GCC_WARN_UNUSED_FUNCTION = YES;
				GCC_WARN_UNUSED_VARIABLE = YES;
				HEADER_SEARCH_PATHS = "$(SRCROOT)/dataplatform/GtSdkLib";
				IPHONEOS_DEPLOYMENT_TARGET = 10.2;
				LIBRARY_SEARCH_PATHS = "$(SRCROOT)/dataplatform/GtSdkLib";
				MTL_ENABLE_DEBUG_INFO = YES;
				ONLY_ACTIVE_ARCH = YES;
				REZ_SEARCH_PATHS = "";
				SDKROOT = iphoneos;
				SWIFT_ACTIVE_COMPILATION_CONDITIONS = DEBUG;
				SWIFT_OPTIMIZATION_LEVEL = "-Onone";
				TARGETED_DEVICE_FAMILY = "1,2";
			};
			name = Debug;
		};
		28D6620F1E16660A00ACF16B /* Release */ = {
			isa = XCBuildConfiguration;
			buildSettings = {
				ALWAYS_SEARCH_USER_PATHS = NO;
				CLANG_ANALYZER_NONNULL = YES;
				CLANG_CXX_LANGUAGE_STANDARD = "gnu++0x";
				CLANG_CXX_LIBRARY = "libc++";
				CLANG_ENABLE_MODULES = YES;
				CLANG_ENABLE_OBJC_ARC = YES;
				CLANG_WARN_BOOL_CONVERSION = YES;
				CLANG_WARN_CONSTANT_CONVERSION = YES;
				CLANG_WARN_DIRECT_OBJC_ISA_USAGE = YES_ERROR;
				CLANG_WARN_DOCUMENTATION_COMMENTS = YES;
				CLANG_WARN_EMPTY_BODY = YES;
				CLANG_WARN_ENUM_CONVERSION = YES;
				CLANG_WARN_INFINITE_RECURSION = YES;
				CLANG_WARN_INT_CONVERSION = YES;
				CLANG_WARN_OBJC_ROOT_CLASS = YES_ERROR;
				CLANG_WARN_SUSPICIOUS_MOVE = YES;
				CLANG_WARN_UNREACHABLE_CODE = YES;
				CLANG_WARN__DUPLICATE_METHOD_MATCH = YES;
				CODE_SIGN_IDENTITY = "iPhone Distribution: Beijing Dangdangwang Information Technology Co., Ltd. (ZTW9XPA927)";
				"CODE_SIGN_IDENTITY[sdk=iphoneos*]" = "iPhone Distribution: Beijing Dangdangwang Information Technology Co., Ltd. (ZTW9XPA927)";
				COPY_PHASE_STRIP = NO;
				DEBUG_INFORMATION_FORMAT = "dwarf-with-dsym";
				ENABLE_NS_ASSERTIONS = NO;
				ENABLE_STRICT_OBJC_MSGSEND = YES;
				GCC_C_LANGUAGE_STANDARD = gnu99;
				GCC_NO_COMMON_BLOCKS = YES;
				GCC_WARN_64_TO_32_BIT_CONVERSION = YES;
				GCC_WARN_ABOUT_RETURN_TYPE = YES_ERROR;
				GCC_WARN_UNDECLARED_SELECTOR = YES;
				GCC_WARN_UNINITIALIZED_AUTOS = YES_AGGRESSIVE;
				GCC_WARN_UNUSED_FUNCTION = YES;
				GCC_WARN_UNUSED_VARIABLE = YES;
				HEADER_SEARCH_PATHS = "$(SRCROOT)/dataplatform/GtSdkLib";
				IPHONEOS_DEPLOYMENT_TARGET = 10.2;
				LIBRARY_SEARCH_PATHS = "$(SRCROOT)/dataplatform/GtSdkLib";
				MTL_ENABLE_DEBUG_INFO = NO;
				REZ_SEARCH_PATHS = "";
				SDKROOT = iphoneos;
				SWIFT_OPTIMIZATION_LEVEL = "-Owholemodule";
				TARGETED_DEVICE_FAMILY = "1,2";
				VALIDATE_PRODUCT = YES;
			};
			name = Release;
		};
		28D662111E16660A00ACF16B /* Debug */ = {
			isa = XCBuildConfiguration;
			buildSettings = {
				ALWAYS_EMBED_SWIFT_STANDARD_LIBRARIES = YES;
				ASSETCATALOG_COMPILER_APPICON_NAME = AppIcon;
				CODE_SIGN_ENTITLEMENTS = dataplatform/dataplatform.entitlements;
				CODE_SIGN_IDENTITY = "iPhone Distribution: Beijing Dangdang Information Technology Co., Ltd.";
				"CODE_SIGN_IDENTITY[sdk=iphoneos*]" = "iPhone Developer";
				DEVELOPMENT_TEAM = 8J4P4V5UM3;
				EXCLUDED_RECURSIVE_SEARCH_PATH_SUBDIRECTORIES = "*.nib *.lproj *.framework *.gch *.xcode* *.xcassets (*) .DS_Store CVS .svn .git .hg *.pbproj *.pbxproj";
				FRAMEWORK_SEARCH_PATHS = (
					"$(inherited)",
					"$(PROJECT_DIR)/dataplatform",
				);
				INFOPLIST_FILE = dataplatform/Info.plist;
				IPHONEOS_DEPLOYMENT_TARGET = 10.2;
				LD_RUNPATH_SEARCH_PATHS = "$(inherited) @executable_path/Frameworks";
				LIBRARY_SEARCH_PATHS = (
					"$(inherited)",
					"$(SRCROOT)/dataplatform/GtSdkLib",
				);
				MACH_O_TYPE = mh_execute;
				NEW_SETTING = "";
				PRODUCT_BUNDLE_IDENTIFIER = com.dangdang.dataplatform;
				PRODUCT_NAME = "$(TARGET_NAME)";
				PROVISIONING_PROFILE = "e74dc9a1-a896-49f9-9a46-b8d7fa347764";
				PROVISIONING_PROFILE_SPECIFIER = "dev profile data platform";
				SWIFT_OBJC_BRIDGING_HEADER = dataplatform/header.h;
				SWIFT_VERSION = 3.0;
				TARGETED_DEVICE_FAMILY = 1;
				USER_HEADER_SEARCH_PATHS = "$(SRCROOT)/dataplatform/GtSdkLib";
			};
			name = Debug;
		};
		28D662121E16660A00ACF16B /* Release */ = {
			isa = XCBuildConfiguration;
			buildSettings = {
				ALWAYS_EMBED_SWIFT_STANDARD_LIBRARIES = YES;
				ASSETCATALOG_COMPILER_APPICON_NAME = AppIcon;
				CODE_SIGN_ENTITLEMENTS = dataplatform/dataplatform.entitlements;
				CODE_SIGN_IDENTITY = "iPhone Distribution: Beijing Dangdang Information Technology Co., Ltd.";
				"CODE_SIGN_IDENTITY[sdk=iphoneos*]" = "iPhone Distribution";
				DEVELOPMENT_TEAM = 8J4P4V5UM3;
				EXCLUDED_RECURSIVE_SEARCH_PATH_SUBDIRECTORIES = "*.nib *.lproj *.framework *.gch *.xcode* *.xcassets (*) .DS_Store CVS .svn .git .hg *.pbproj *.pbxproj";
				FRAMEWORK_SEARCH_PATHS = (
					"$(inherited)",
					"$(PROJECT_DIR)/dataplatform",
				);
				INFOPLIST_FILE = dataplatform/Info.plist;
				IPHONEOS_DEPLOYMENT_TARGET = 10.2;
				LD_RUNPATH_SEARCH_PATHS = "$(inherited) @executable_path/Frameworks";
				LIBRARY_SEARCH_PATHS = (
					"$(inherited)",
					"$(SRCROOT)/dataplatform/GtSdkLib",
				);
				MACH_O_TYPE = mh_execute;
				NEW_SETTING = "";
				PRODUCT_BUNDLE_IDENTIFIER = com.dangdang.dataplatform;
				PRODUCT_NAME = "$(TARGET_NAME)";
				PROVISIONING_PROFILE = "fb97746f-895d-440a-8f79-ce9edf5efaac";
				PROVISIONING_PROFILE_SPECIFIER = PRODATAPLATFORMPROFILE;
				SWIFT_OBJC_BRIDGING_HEADER = dataplatform/header.h;
				SWIFT_VERSION = 3.0;
				TARGETED_DEVICE_FAMILY = 1;
				USER_HEADER_SEARCH_PATHS = "$(SRCROOT)/dataplatform/GtSdkLib";
			};
			name = Release;
		};
		28D662141E16660A00ACF16B /* Debug */ = {
			isa = XCBuildConfiguration;
			buildSettings = {
				ALWAYS_EMBED_SWIFT_STANDARD_LIBRARIES = YES;
				BUNDLE_LOADER = "$(TEST_HOST)";
				INFOPLIST_FILE = dataplatformTests/Info.plist;
				LD_RUNPATH_SEARCH_PATHS = "$(inherited) @executable_path/Frameworks @loader_path/Frameworks";
				PRODUCT_BUNDLE_IDENTIFIER = com.dangdang.dataplatformTests;
				PRODUCT_NAME = "$(TARGET_NAME)";
				SWIFT_VERSION = 3.0;
				TEST_HOST = "$(BUILT_PRODUCTS_DIR)/dataplatform.app/dataplatform";
			};
			name = Debug;
		};
		28D662151E16660A00ACF16B /* Release */ = {
			isa = XCBuildConfiguration;
			buildSettings = {
				ALWAYS_EMBED_SWIFT_STANDARD_LIBRARIES = YES;
				BUNDLE_LOADER = "$(TEST_HOST)";
				INFOPLIST_FILE = dataplatformTests/Info.plist;
				LD_RUNPATH_SEARCH_PATHS = "$(inherited) @executable_path/Frameworks @loader_path/Frameworks";
				PRODUCT_BUNDLE_IDENTIFIER = com.dangdang.dataplatformTests;
				PRODUCT_NAME = "$(TARGET_NAME)";
				SWIFT_VERSION = 3.0;
				TEST_HOST = "$(BUILT_PRODUCTS_DIR)/dataplatform.app/dataplatform";
			};
			name = Release;
		};
		28D662171E16660A00ACF16B /* Debug */ = {
			isa = XCBuildConfiguration;
			buildSettings = {
				ALWAYS_EMBED_SWIFT_STANDARD_LIBRARIES = YES;
				INFOPLIST_FILE = dataplatformUITests/Info.plist;
				LD_RUNPATH_SEARCH_PATHS = "$(inherited) @executable_path/Frameworks @loader_path/Frameworks";
				PRODUCT_BUNDLE_IDENTIFIER = com.dangdang.dataplatformUITests;
				PRODUCT_NAME = "$(TARGET_NAME)";
				SWIFT_VERSION = 3.0;
				TEST_TARGET_NAME = dataplatform;
			};
			name = Debug;
		};
		28D662181E16660A00ACF16B /* Release */ = {
			isa = XCBuildConfiguration;
			buildSettings = {
				ALWAYS_EMBED_SWIFT_STANDARD_LIBRARIES = YES;
				INFOPLIST_FILE = dataplatformUITests/Info.plist;
				LD_RUNPATH_SEARCH_PATHS = "$(inherited) @executable_path/Frameworks @loader_path/Frameworks";
				PRODUCT_BUNDLE_IDENTIFIER = com.dangdang.dataplatformUITests;
				PRODUCT_NAME = "$(TARGET_NAME)";
				SWIFT_VERSION = 3.0;
				TEST_TARGET_NAME = dataplatform;
			};
			name = Release;
		};
/* End XCBuildConfiguration section */

/* Begin XCConfigurationList section */
		28D661E31E16660900ACF16B /* Build configuration list for PBXProject "dataplatform" */ = {
			isa = XCConfigurationList;
			buildConfigurations = (
				28D6620E1E16660A00ACF16B /* Debug */,
				28D6620F1E16660A00ACF16B /* Release */,
			);
			defaultConfigurationIsVisible = 0;
			defaultConfigurationName = Debug;
		};
		28D662101E16660A00ACF16B /* Build configuration list for PBXNativeTarget "dataplatform" */ = {
			isa = XCConfigurationList;
			buildConfigurations = (
				28D662111E16660A00ACF16B /* Debug */,
				28D662121E16660A00ACF16B /* Release */,
			);
			defaultConfigurationIsVisible = 0;
			defaultConfigurationName = Debug;
		};
		28D662131E16660A00ACF16B /* Build configuration list for PBXNativeTarget "dataplatformTests" */ = {
			isa = XCConfigurationList;
			buildConfigurations = (
				28D662141E16660A00ACF16B /* Debug */,
				28D662151E16660A00ACF16B /* Release */,
			);
			defaultConfigurationIsVisible = 0;
			defaultConfigurationName = Debug;
		};
		28D662161E16660A00ACF16B /* Build configuration list for PBXNativeTarget "dataplatformUITests" */ = {
			isa = XCConfigurationList;
			buildConfigurations = (
				28D662171E16660A00ACF16B /* Debug */,
				28D662181E16660A00ACF16B /* Release */,
			);
			defaultConfigurationIsVisible = 0;
			defaultConfigurationName = Debug;
		};
/* End XCConfigurationList section */
	};
	rootObject = 28D661E01E16660900ACF16B /* Project object */;
}
